// !$*UTF8*$!
{
	archiveVersion = 1;
	classes = {
	};
	objectVersion = 56;
	objects = {

/* Begin PBXBuildFile section */
		E17125B62980B7D6009F36A5 /* AppDelegate.swift in Sources */ = {isa = PBXBuildFile; fileRef = E17125B52980B7D6009F36A5 /* AppDelegate.swift */; };
		E17125B82980B7D6009F36A5 /* SceneDelegate.swift in Sources */ = {isa = PBXBuildFile; fileRef = E17125B72980B7D6009F36A5 /* SceneDelegate.swift */; };
		E17125BD2980B7D6009F36A5 /* Main.storyboard in Resources */ = {isa = PBXBuildFile; fileRef = E17125BB2980B7D6009F36A5 /* Main.storyboard */; };
		E17125BF2980B7D9009F36A5 /* Assets.xcassets in Resources */ = {isa = PBXBuildFile; fileRef = E17125BE2980B7D9009F36A5 /* Assets.xcassets */; };
		E17125C22980B7D9009F36A5 /* LaunchScreen.storyboard in Resources */ = {isa = PBXBuildFile; fileRef = E17125C02980B7D9009F36A5 /* LaunchScreen.storyboard */; };
		E17125CC2980BB98009F36A5 /* HomeCollectionViewController.swift in Sources */ = {isa = PBXBuildFile; fileRef = E17125CB2980BB98009F36A5 /* HomeCollectionViewController.swift */; };
		E17125CE2980BBB1009F36A5 /* HabitCollectionViewController.swift in Sources */ = {isa = PBXBuildFile; fileRef = E17125CD2980BBB1009F36A5 /* HabitCollectionViewController.swift */; };
		E17125D02980BBBD009F36A5 /* UserCollectionViewController.swift in Sources */ = {isa = PBXBuildFile; fileRef = E17125CF2980BBBD009F36A5 /* UserCollectionViewController.swift */; };
		E17125D22980BBC8009F36A5 /* LogHabitCollectionViewController.swift in Sources */ = {isa = PBXBuildFile; fileRef = E17125D12980BBC8009F36A5 /* LogHabitCollectionViewController.swift */; };
		E17125DB2980BD09009F36A5 /* HabitDetailViewController.swift in Sources */ = {isa = PBXBuildFile; fileRef = E17125DA2980BD09009F36A5 /* HabitDetailViewController.swift */; };
		E17125DD2980BD17009F36A5 /* UserDetailViewController.swift in Sources */ = {isa = PBXBuildFile; fileRef = E17125DC2980BD17009F36A5 /* UserDetailViewController.swift */; };
		E17125DF2981FD45009F36A5 /* Habit.swift in Sources */ = {isa = PBXBuildFile; fileRef = E17125DE2981FD45009F36A5 /* Habit.swift */; };
		E17125E22981FD8B009F36A5 /* Category.swift in Sources */ = {isa = PBXBuildFile; fileRef = E17125E12981FD8B009F36A5 /* Category.swift */; };
		E17125E42981FDAC009F36A5 /* Color.swift in Sources */ = {isa = PBXBuildFile; fileRef = E17125E32981FDAC009F36A5 /* Color.swift */; };
		E17125E62981FEBA009F36A5 /* APIRequest.swift in Sources */ = {isa = PBXBuildFile; fileRef = E17125E52981FEBA009F36A5 /* APIRequest.swift */; };
		E17125E929820D8E009F36A5 /* APIService.swift in Sources */ = {isa = PBXBuildFile; fileRef = E17125E829820D8E009F36A5 /* APIService.swift */; };
		E17125EB2982FD94009F36A5 /* Settings.swift in Sources */ = {isa = PBXBuildFile; fileRef = E17125EA2982FD94009F36A5 /* Settings.swift */; };
		E17125EE29830718009F36A5 /* UICollectionViewDiffableDataSource+ViewModel.swift in Sources */ = {isa = PBXBuildFile; fileRef = E17125ED29830718009F36A5 /* UICollectionViewDiffableDataSource+ViewModel.swift */; };
		E17125F029831A62009F36A5 /* NamedSectionHeaderView.swift in Sources */ = {isa = PBXBuildFile; fileRef = E17125EF29831A62009F36A5 /* NamedSectionHeaderView.swift */; };
		E17125F329856A75009F36A5 /* User.swift in Sources */ = {isa = PBXBuildFile; fileRef = E17125F229856A75009F36A5 /* User.swift */; };
		E17125F529885522009F36A5 /* HabitStatistics.swift in Sources */ = {isa = PBXBuildFile; fileRef = E17125F429885522009F36A5 /* HabitStatistics.swift */; };
		E17125F7298873E6009F36A5 /* UserStatistics.swift in Sources */ = {isa = PBXBuildFile; fileRef = E17125F6298873E6009F36A5 /* UserStatistics.swift */; };
/* End PBXBuildFile section */

/* Begin PBXFileReference section */
		E17125B22980B7D6009F36A5 /* Habits.app */ = {isa = PBXFileReference; explicitFileType = wrapper.application; includeInIndex = 0; path = Habits.app; sourceTree = BUILT_PRODUCTS_DIR; };
		E17125B52980B7D6009F36A5 /* AppDelegate.swift */ = {isa = PBXFileReference; lastKnownFileType = sourcecode.swift; path = AppDelegate.swift; sourceTree = "<group>"; };
		E17125B72980B7D6009F36A5 /* SceneDelegate.swift */ = {isa = PBXFileReference; lastKnownFileType = sourcecode.swift; path = SceneDelegate.swift; sourceTree = "<group>"; };
		E17125BC2980B7D6009F36A5 /* Base */ = {isa = PBXFileReference; lastKnownFileType = file.storyboard; name = Base; path = Base.lproj/Main.storyboard; sourceTree = "<group>"; };
		E17125BE2980B7D9009F36A5 /* Assets.xcassets */ = {isa = PBXFileReference; lastKnownFileType = folder.assetcatalog; path = Assets.xcassets; sourceTree = "<group>"; };
		E17125C12980B7D9009F36A5 /* Base */ = {isa = PBXFileReference; lastKnownFileType = file.storyboard; name = Base; path = Base.lproj/LaunchScreen.storyboard; sourceTree = "<group>"; };
		E17125C32980B7D9009F36A5 /* Info.plist */ = {isa = PBXFileReference; lastKnownFileType = text.plist.xml; path = Info.plist; sourceTree = "<group>"; };
		E17125CB2980BB98009F36A5 /* HomeCollectionViewController.swift */ = {isa = PBXFileReference; lastKnownFileType = sourcecode.swift; path = HomeCollectionViewController.swift; sourceTree = "<group>"; };
		E17125CD2980BBB1009F36A5 /* HabitCollectionViewController.swift */ = {isa = PBXFileReference; lastKnownFileType = sourcecode.swift; path = HabitCollectionViewController.swift; sourceTree = "<group>"; };
		E17125CF2980BBBD009F36A5 /* UserCollectionViewController.swift */ = {isa = PBXFileReference; lastKnownFileType = sourcecode.swift; path = UserCollectionViewController.swift; sourceTree = "<group>"; };
		E17125D12980BBC8009F36A5 /* LogHabitCollectionViewController.swift */ = {isa = PBXFileReference; lastKnownFileType = sourcecode.swift; path = LogHabitCollectionViewController.swift; sourceTree = "<group>"; };
		E17125DA2980BD09009F36A5 /* HabitDetailViewController.swift */ = {isa = PBXFileReference; lastKnownFileType = sourcecode.swift; path = HabitDetailViewController.swift; sourceTree = "<group>"; };
		E17125DC2980BD17009F36A5 /* UserDetailViewController.swift */ = {isa = PBXFileReference; lastKnownFileType = sourcecode.swift; path = UserDetailViewController.swift; sourceTree = "<group>"; };
		E17125DE2981FD45009F36A5 /* Habit.swift */ = {isa = PBXFileReference; lastKnownFileType = sourcecode.swift; path = Habit.swift; sourceTree = "<group>"; };
		E17125E12981FD8B009F36A5 /* Category.swift */ = {isa = PBXFileReference; lastKnownFileType = sourcecode.swift; path = Category.swift; sourceTree = "<group>"; };
		E17125E32981FDAC009F36A5 /* Color.swift */ = {isa = PBXFileReference; lastKnownFileType = sourcecode.swift; path = Color.swift; sourceTree = "<group>"; };
		E17125E52981FEBA009F36A5 /* APIRequest.swift */ = {isa = PBXFileReference; lastKnownFileType = sourcecode.swift; path = APIRequest.swift; sourceTree = "<group>"; };
		E17125E829820D8E009F36A5 /* APIService.swift */ = {isa = PBXFileReference; lastKnownFileType = sourcecode.swift; path = APIService.swift; sourceTree = "<group>"; };
		E17125EA2982FD94009F36A5 /* Settings.swift */ = {isa = PBXFileReference; lastKnownFileType = sourcecode.swift; path = Settings.swift; sourceTree = "<group>"; };
		E17125ED29830718009F36A5 /* UICollectionViewDiffableDataSource+ViewModel.swift */ = {isa = PBXFileReference; lastKnownFileType = sourcecode.swift; path = "UICollectionViewDiffableDataSource+ViewModel.swift"; sourceTree = "<group>"; };
		E17125EF29831A62009F36A5 /* NamedSectionHeaderView.swift */ = {isa = PBXFileReference; lastKnownFileType = sourcecode.swift; path = NamedSectionHeaderView.swift; sourceTree = "<group>"; };
		E17125F229856A75009F36A5 /* User.swift */ = {isa = PBXFileReference; lastKnownFileType = sourcecode.swift; path = User.swift; sourceTree = "<group>"; };
		E17125F429885522009F36A5 /* HabitStatistics.swift */ = {isa = PBXFileReference; lastKnownFileType = sourcecode.swift; path = HabitStatistics.swift; sourceTree = "<group>"; };
		E17125F6298873E6009F36A5 /* UserStatistics.swift */ = {isa = PBXFileReference; lastKnownFileType = sourcecode.swift; path = UserStatistics.swift; sourceTree = "<group>"; };
/* End PBXFileReference section */

/* Begin PBXFrameworksBuildPhase section */
		E17125AF2980B7D6009F36A5 /* Frameworks */ = {
			isa = PBXFrameworksBuildPhase;
			buildActionMask = 2147483647;
			files = (
			);
			runOnlyForDeploymentPostprocessing = 0;
		};
/* End PBXFrameworksBuildPhase section */

/* Begin PBXGroup section */
		E17125A92980B7D6009F36A5 = {
			isa = PBXGroup;
			children = (
				E17125B42980B7D6009F36A5 /* Habits */,
				E17125B32980B7D6009F36A5 /* Products */,
			);
			sourceTree = "<group>";
		};
		E17125B32980B7D6009F36A5 /* Products */ = {
			isa = PBXGroup;
			children = (
				E17125B22980B7D6009F36A5 /* Habits.app */,
			);
			name = Products;
			sourceTree = "<group>";
		};
		E17125B42980B7D6009F36A5 /* Habits */ = {
			isa = PBXGroup;
			children = (
				E17125E72981FEC1009F36A5 /* Networking */,
				E17125D82980BC18009F36A5 /* App_SceneDelegate */,
				E17125E02981FD49009F36A5 /* Models */,
				E17125D72980BC0B009F36A5 /* View Controllers */,
				E17125F129831A67009F36A5 /* Views */,
				E17125D92980BC39009F36A5 /* Storyboards */,
				E17125EC298306FD009F36A5 /* Utility */,
				E17125BE2980B7D9009F36A5 /* Assets.xcassets */,
				E17125C32980B7D9009F36A5 /* Info.plist */,
			);
			path = Habits;
			sourceTree = "<group>";
		};
		E17125D32980BBD0009F36A5 /* Home */ = {
			isa = PBXGroup;
			children = (
				E17125CB2980BB98009F36A5 /* HomeCollectionViewController.swift */,
			);
			path = Home;
			sourceTree = "<group>";
		};
		E17125D42980BBD7009F36A5 /* Habit */ = {
			isa = PBXGroup;
			children = (
				E17125CD2980BBB1009F36A5 /* HabitCollectionViewController.swift */,
				E17125DA2980BD09009F36A5 /* HabitDetailViewController.swift */,
			);
			path = Habit;
			sourceTree = "<group>";
		};
		E17125D52980BBDF009F36A5 /* User */ = {
			isa = PBXGroup;
			children = (
				E17125CF2980BBBD009F36A5 /* UserCollectionViewController.swift */,
				E17125DC2980BD17009F36A5 /* UserDetailViewController.swift */,
			);
			path = User;
			sourceTree = "<group>";
		};
		E17125D62980BBE6009F36A5 /* LogHabit */ = {
			isa = PBXGroup;
			children = (
				E17125D12980BBC8009F36A5 /* LogHabitCollectionViewController.swift */,
			);
			path = LogHabit;
			sourceTree = "<group>";
		};
		E17125D72980BC0B009F36A5 /* View Controllers */ = {
			isa = PBXGroup;
			children = (
				E17125D32980BBD0009F36A5 /* Home */,
				E17125D42980BBD7009F36A5 /* Habit */,
				E17125D52980BBDF009F36A5 /* User */,
				E17125D62980BBE6009F36A5 /* LogHabit */,
			);
			path = "View Controllers";
			sourceTree = "<group>";
		};
		E17125D82980BC18009F36A5 /* App_SceneDelegate */ = {
			isa = PBXGroup;
			children = (
				E17125B52980B7D6009F36A5 /* AppDelegate.swift */,
				E17125B72980B7D6009F36A5 /* SceneDelegate.swift */,
			);
			path = App_SceneDelegate;
			sourceTree = "<group>";
		};
		E17125D92980BC39009F36A5 /* Storyboards */ = {
			isa = PBXGroup;
			children = (
				E17125BB2980B7D6009F36A5 /* Main.storyboard */,
				E17125C02980B7D9009F36A5 /* LaunchScreen.storyboard */,
			);
			path = Storyboards;
			sourceTree = "<group>";
		};
		E17125E02981FD49009F36A5 /* Models */ = {
			isa = PBXGroup;
			children = (
				E17125DE2981FD45009F36A5 /* Habit.swift */,
				E17125E12981FD8B009F36A5 /* Category.swift */,
				E17125E32981FDAC009F36A5 /* Color.swift */,
				E17125F229856A75009F36A5 /* User.swift */,
				E17125F429885522009F36A5 /* HabitStatistics.swift */,
				E17125F6298873E6009F36A5 /* UserStatistics.swift */,
			);
			path = Models;
			sourceTree = "<group>";
		};
		E17125E72981FEC1009F36A5 /* Networking */ = {
			isa = PBXGroup;
			children = (
				E17125E52981FEBA009F36A5 /* APIRequest.swift */,
				E17125E829820D8E009F36A5 /* APIService.swift */,
			);
			path = Networking;
			sourceTree = "<group>";
		};
		E17125EC298306FD009F36A5 /* Utility */ = {
			isa = PBXGroup;
			children = (
				E17125EA2982FD94009F36A5 /* Settings.swift */,
				E17125ED29830718009F36A5 /* UICollectionViewDiffableDataSource+ViewModel.swift */,
			);
			path = Utility;
			sourceTree = "<group>";
		};
		E17125F129831A67009F36A5 /* Views */ = {
			isa = PBXGroup;
			children = (
				E17125EF29831A62009F36A5 /* NamedSectionHeaderView.swift */,
			);
			path = Views;
			sourceTree = "<group>";
		};
/* End PBXGroup section */

/* Begin PBXNativeTarget section */
		E17125B12980B7D6009F36A5 /* Habits */ = {
			isa = PBXNativeTarget;
			buildConfigurationList = E17125C62980B7D9009F36A5 /* Build configuration list for PBXNativeTarget "Habits" */;
			buildPhases = (
				E17125AE2980B7D6009F36A5 /* Sources */,
				E17125AF2980B7D6009F36A5 /* Frameworks */,
				E17125B02980B7D6009F36A5 /* Resources */,
			);
			buildRules = (
			);
			dependencies = (
			);
			name = Habits;
			productName = Habits;
			productReference = E17125B22980B7D6009F36A5 /* Habits.app */;
			productType = "com.apple.product-type.application";
		};
/* End PBXNativeTarget section */

/* Begin PBXProject section */
		E17125AA2980B7D6009F36A5 /* Project object */ = {
			isa = PBXProject;
			attributes = {
				BuildIndependentTargetsInParallel = 1;
				LastSwiftUpdateCheck = 1400;
				LastUpgradeCheck = 1400;
				TargetAttributes = {
					E17125B12980B7D6009F36A5 = {
						CreatedOnToolsVersion = 14.0;
					};
				};
			};
			buildConfigurationList = E17125AD2980B7D6009F36A5 /* Build configuration list for PBXProject "Habits" */;
			compatibilityVersion = "Xcode 14.0";
			developmentRegion = en;
			hasScannedForEncodings = 0;
			knownRegions = (
				en,
				Base,
			);
			mainGroup = E17125A92980B7D6009F36A5;
			productRefGroup = E17125B32980B7D6009F36A5 /* Products */;
			projectDirPath = "";
			projectRoot = "";
			targets = (
				E17125B12980B7D6009F36A5 /* Habits */,
			);
		};
/* End PBXProject section */

/* Begin PBXResourcesBuildPhase section */
		E17125B02980B7D6009F36A5 /* Resources */ = {
			isa = PBXResourcesBuildPhase;
			buildActionMask = 2147483647;
			files = (
				E17125C22980B7D9009F36A5 /* LaunchScreen.storyboard in Resources */,
				E17125BF2980B7D9009F36A5 /* Assets.xcassets in Resources */,
				E17125BD2980B7D6009F36A5 /* Main.storyboard in Resources */,
			);
			runOnlyForDeploymentPostprocessing = 0;
		};
/* End PBXResourcesBuildPhase section */

/* Begin PBXSourcesBuildPhase section */
		E17125AE2980B7D6009F36A5 /* Sources */ = {
			isa = PBXSourcesBuildPhase;
			buildActionMask = 2147483647;
			files = (
				E17125D22980BBC8009F36A5 /* LogHabitCollectionViewController.swift in Sources */,
				E17125E22981FD8B009F36A5 /* Category.swift in Sources */,
				E17125EE29830718009F36A5 /* UICollectionViewDiffableDataSource+ViewModel.swift in Sources */,
				E17125E42981FDAC009F36A5 /* Color.swift in Sources */,
				E17125CC2980BB98009F36A5 /* HomeCollectionViewController.swift in Sources */,
				E17125F029831A62009F36A5 /* NamedSectionHeaderView.swift in Sources */,
				E17125EB2982FD94009F36A5 /* Settings.swift in Sources */,
				E17125F329856A75009F36A5 /* User.swift in Sources */,
				E17125DD2980BD17009F36A5 /* UserDetailViewController.swift in Sources */,
				E17125CE2980BBB1009F36A5 /* HabitCollectionViewController.swift in Sources */,
				E17125F7298873E6009F36A5 /* UserStatistics.swift in Sources */,
				E17125B62980B7D6009F36A5 /* AppDelegate.swift in Sources */,
				E17125F529885522009F36A5 /* HabitStatistics.swift in Sources */,
				E17125B82980B7D6009F36A5 /* SceneDelegate.swift in Sources */,
				E17125DF2981FD45009F36A5 /* Habit.swift in Sources */,
				E17125E929820D8E009F36A5 /* APIService.swift in Sources */,
				E17125DB2980BD09009F36A5 /* HabitDetailViewController.swift in Sources */,
				E17125E62981FEBA009F36A5 /* APIRequest.swift in Sources */,
				E17125D02980BBBD009F36A5 /* UserCollectionViewController.swift in Sources */,
			);
			runOnlyForDeploymentPostprocessing = 0;
		};
/* End PBXSourcesBuildPhase section */

/* Begin PBXVariantGroup section */
		E17125BB2980B7D6009F36A5 /* Main.storyboard */ = {
			isa = PBXVariantGroup;
			children = (
				E17125BC2980B7D6009F36A5 /* Base */,
			);
			name = Main.storyboard;
			sourceTree = "<group>";
		};
		E17125C02980B7D9009F36A5 /* LaunchScreen.storyboard */ = {
			isa = PBXVariantGroup;
			children = (
				E17125C12980B7D9009F36A5 /* Base */,
			);
			name = LaunchScreen.storyboard;
			sourceTree = "<group>";
		};
/* End PBXVariantGroup section */

/* Begin XCBuildConfiguration section */
		E17125C42980B7D9009F36A5 /* Debug */ = {
			isa = XCBuildConfiguration;
			buildSettings = {
				ALWAYS_SEARCH_USER_PATHS = NO;
				CLANG_ANALYZER_NONNULL = YES;
				CLANG_ANALYZER_NUMBER_OBJECT_CONVERSION = YES_AGGRESSIVE;
				CLANG_CXX_LANGUAGE_STANDARD = "gnu++20";
				CLANG_ENABLE_MODULES = YES;
				CLANG_ENABLE_OBJC_ARC = YES;
				CLANG_ENABLE_OBJC_WEAK = YES;
				CLANG_WARN_BLOCK_CAPTURE_AUTORELEASING = YES;
				CLANG_WARN_BOOL_CONVERSION = YES;
				CLANG_WARN_COMMA = YES;
				CLANG_WARN_CONSTANT_CONVERSION = YES;
				CLANG_WARN_DEPRECATED_OBJC_IMPLEMENTATIONS = YES;
				CLANG_WARN_DIRECT_OBJC_ISA_USAGE = YES_ERROR;
				CLANG_WARN_DOCUMENTATION_COMMENTS = YES;
				CLANG_WARN_EMPTY_BODY = YES;
				CLANG_WARN_ENUM_CONVERSION = YES;
				CLANG_WARN_INFINITE_RECURSION = YES;
				CLANG_WARN_INT_CONVERSION = YES;
				CLANG_WARN_NON_LITERAL_NULL_CONVERSION = YES;
				CLANG_WARN_OBJC_IMPLICIT_RETAIN_SELF = YES;
				CLANG_WARN_OBJC_LITERAL_CONVERSION = YES;
				CLANG_WARN_OBJC_ROOT_CLASS = YES_ERROR;
				CLANG_WARN_QUOTED_INCLUDE_IN_FRAMEWORK_HEADER = YES;
				CLANG_WARN_RANGE_LOOP_ANALYSIS = YES;
				CLANG_WARN_STRICT_PROTOTYPES = YES;
				CLANG_WARN_SUSPICIOUS_MOVE = YES;
				CLANG_WARN_UNGUARDED_AVAILABILITY = YES_AGGRESSIVE;
				CLANG_WARN_UNREACHABLE_CODE = YES;
				CLANG_WARN__DUPLICATE_METHOD_MATCH = YES;
				COPY_PHASE_STRIP = NO;
				DEBUG_INFORMATION_FORMAT = dwarf;
				ENABLE_STRICT_OBJC_MSGSEND = YES;
				ENABLE_TESTABILITY = YES;
				GCC_C_LANGUAGE_STANDARD = gnu11;
				GCC_DYNAMIC_NO_PIC = NO;
				GCC_NO_COMMON_BLOCKS = YES;
				GCC_OPTIMIZATION_LEVEL = 0;
				GCC_PREPROCESSOR_DEFINITIONS = (
					"DEBUG=1",
					"$(inherited)",
				);
				GCC_WARN_64_TO_32_BIT_CONVERSION = YES;
				GCC_WARN_ABOUT_RETURN_TYPE = YES_ERROR;
				GCC_WARN_UNDECLARED_SELECTOR = YES;
				GCC_WARN_UNINITIALIZED_AUTOS = YES_AGGRESSIVE;
				GCC_WARN_UNUSED_FUNCTION = YES;
				GCC_WARN_UNUSED_VARIABLE = YES;
				IPHONEOS_DEPLOYMENT_TARGET = 16.0;
				MTL_ENABLE_DEBUG_INFO = INCLUDE_SOURCE;
				MTL_FAST_MATH = YES;
				ONLY_ACTIVE_ARCH = YES;
				SDKROOT = iphoneos;
				SWIFT_ACTIVE_COMPILATION_CONDITIONS = DEBUG;
				SWIFT_OPTIMIZATION_LEVEL = "-Onone";
			};
			name = Debug;
		};
		E17125C52980B7D9009F36A5 /* Release */ = {
			isa = XCBuildConfiguration;
			buildSettings = {
				ALWAYS_SEARCH_USER_PATHS = NO;
				CLANG_ANALYZER_NONNULL = YES;
				CLANG_ANALYZER_NUMBER_OBJECT_CONVERSION = YES_AGGRESSIVE;
				CLANG_CXX_LANGUAGE_STANDARD = "gnu++20";
				CLANG_ENABLE_MODULES = YES;
				CLANG_ENABLE_OBJC_ARC = YES;
				CLANG_ENABLE_OBJC_WEAK = YES;
				CLANG_WARN_BLOCK_CAPTURE_AUTORELEASING = YES;
				CLANG_WARN_BOOL_CONVERSION = YES;
				CLANG_WARN_COMMA = YES;
				CLANG_WARN_CONSTANT_CONVERSION = YES;
				CLANG_WARN_DEPRECATED_OBJC_IMPLEMENTATIONS = YES;
				CLANG_WARN_DIRECT_OBJC_ISA_USAGE = YES_ERROR;
				CLANG_WARN_DOCUMENTATION_COMMENTS = YES;
				CLANG_WARN_EMPTY_BODY = YES;
				CLANG_WARN_ENUM_CONVERSION = YES;
				CLANG_WARN_INFINITE_RECURSION = YES;
				CLANG_WARN_INT_CONVERSION = YES;
				CLANG_WARN_NON_LITERAL_NULL_CONVERSION = YES;
				CLANG_WARN_OBJC_IMPLICIT_RETAIN_SELF = YES;
				CLANG_WARN_OBJC_LITERAL_CONVERSION = YES;
				CLANG_WARN_OBJC_ROOT_CLASS = YES_ERROR;
				CLANG_WARN_QUOTED_INCLUDE_IN_FRAMEWORK_HEADER = YES;
				CLANG_WARN_RANGE_LOOP_ANALYSIS = YES;
				CLANG_WARN_STRICT_PROTOTYPES = YES;
				CLANG_WARN_SUSPICIOUS_MOVE = YES;
				CLANG_WARN_UNGUARDED_AVAILABILITY = YES_AGGRESSIVE;
				CLANG_WARN_UNREACHABLE_CODE = YES;
				CLANG_WARN__DUPLICATE_METHOD_MATCH = YES;
				COPY_PHASE_STRIP = NO;
				DEBUG_INFORMATION_FORMAT = "dwarf-with-dsym";
				ENABLE_NS_ASSERTIONS = NO;
				ENABLE_STRICT_OBJC_MSGSEND = YES;
				GCC_C_LANGUAGE_STANDARD = gnu11;
				GCC_NO_COMMON_BLOCKS = YES;
				GCC_WARN_64_TO_32_BIT_CONVERSION = YES;
				GCC_WARN_ABOUT_RETURN_TYPE = YES_ERROR;
				GCC_WARN_UNDECLARED_SELECTOR = YES;
				GCC_WARN_UNINITIALIZED_AUTOS = YES_AGGRESSIVE;
				GCC_WARN_UNUSED_FUNCTION = YES;
				GCC_WARN_UNUSED_VARIABLE = YES;
				IPHONEOS_DEPLOYMENT_TARGET = 16.0;
				MTL_ENABLE_DEBUG_INFO = NO;
				MTL_FAST_MATH = YES;
				SDKROOT = iphoneos;
				SWIFT_COMPILATION_MODE = wholemodule;
				SWIFT_OPTIMIZATION_LEVEL = "-O";
				VALIDATE_PRODUCT = YES;
			};
			name = Release;
		};
		E17125C72980B7D9009F36A5 /* Debug */ = {
			isa = XCBuildConfiguration;
			buildSettings = {
				ASSETCATALOG_COMPILER_APPICON_NAME = AppIcon;
				ASSETCATALOG_COMPILER_GLOBAL_ACCENT_COLOR_NAME = AccentColor;
				CODE_SIGN_STYLE = Automatic;
				CURRENT_PROJECT_VERSION = 1;
				DEVELOPMENT_TEAM = XUYSV472G3;
				GENERATE_INFOPLIST_FILE = YES;
				INFOPLIST_FILE = Habits/Info.plist;
				INFOPLIST_KEY_UIApplicationSupportsIndirectInputEvents = YES;
				INFOPLIST_KEY_UILaunchStoryboardName = LaunchScreen;
				INFOPLIST_KEY_UIMainStoryboardFile = Main;
				INFOPLIST_KEY_UISupportedInterfaceOrientations_iPad = "UIInterfaceOrientationPortrait UIInterfaceOrientationPortraitUpsideDown UIInterfaceOrientationLandscapeLeft UIInterfaceOrientationLandscapeRight";
				INFOPLIST_KEY_UISupportedInterfaceOrientations_iPhone = "UIInterfaceOrientationPortrait UIInterfaceOrientationLandscapeLeft UIInterfaceOrientationLandscapeRight";
				LD_RUNPATH_SEARCH_PATHS = (
					"$(inherited)",
					"@executable_path/Frameworks",
				);
				MARKETING_VERSION = 1.0;
				PRODUCT_BUNDLE_IDENTIFIER = com.brianaguirre.Habits;
				PRODUCT_NAME = "$(TARGET_NAME)";
				SWIFT_EMIT_LOC_STRINGS = YES;
				SWIFT_VERSION = 5.0;
				TARGETED_DEVICE_FAMILY = "1,2";
			};
			name = Debug;
		};
		E17125C82980B7D9009F36A5 /* Release */ = {
			isa = XCBuildConfiguration;
			buildSettings = {
				ASSETCATALOG_COMPILER_APPICON_NAME = AppIcon;
				ASSETCATALOG_COMPILER_GLOBAL_ACCENT_COLOR_NAME = AccentColor;
				CODE_SIGN_STYLE = Automatic;
				CURRENT_PROJECT_VERSION = 1;
				DEVELOPMENT_TEAM = XUYSV472G3;
				GENERATE_INFOPLIST_FILE = YES;
				INFOPLIST_FILE = Habits/Info.plist;
				INFOPLIST_KEY_UIApplicationSupportsIndirectInputEvents = YES;
				INFOPLIST_KEY_UILaunchStoryboardName = LaunchScreen;
				INFOPLIST_KEY_UIMainStoryboardFile = Main;
				INFOPLIST_KEY_UISupportedInterfaceOrientations_iPad = "UIInterfaceOrientationPortrait UIInterfaceOrientationPortraitUpsideDown UIInterfaceOrientationLandscapeLeft UIInterfaceOrientationLandscapeRight";
				INFOPLIST_KEY_UISupportedInterfaceOrientations_iPhone = "UIInterfaceOrientationPortrait UIInterfaceOrientationLandscapeLeft UIInterfaceOrientationLandscapeRight";
				LD_RUNPATH_SEARCH_PATHS = (
					"$(inherited)",
					"@executable_path/Frameworks",
				);
				MARKETING_VERSION = 1.0;
				PRODUCT_BUNDLE_IDENTIFIER = com.brianaguirre.Habits;
				PRODUCT_NAME = "$(TARGET_NAME)";
				SWIFT_EMIT_LOC_STRINGS = YES;
				SWIFT_VERSION = 5.0;
				TARGETED_DEVICE_FAMILY = "1,2";
			};
			name = Release;
		};
/* End XCBuildConfiguration section */

/* Begin XCConfigurationList section */
		E17125AD2980B7D6009F36A5 /* Build configuration list for PBXProject "Habits" */ = {
			isa = XCConfigurationList;
			buildConfigurations = (
				E17125C42980B7D9009F36A5 /* Debug */,
				E17125C52980B7D9009F36A5 /* Release */,
			);
			defaultConfigurationIsVisible = 0;
			defaultConfigurationName = Release;
		};
		E17125C62980B7D9009F36A5 /* Build configuration list for PBXNativeTarget "Habits" */ = {
			isa = XCConfigurationList;
			buildConfigurations = (
				E17125C72980B7D9009F36A5 /* Debug */,
				E17125C82980B7D9009F36A5 /* Release */,
			);
			defaultConfigurationIsVisible = 0;
			defaultConfigurationName = Release;
		};
/* End XCConfigurationList section */
	};
	rootObject = E17125AA2980B7D6009F36A5 /* Project object */;
}
